
Microsoft Visual Studio Solution File, Format Version 10.00
# Visual Studio 2008
Project("{8BC9CEB8-8B4A-11D0-8D11-00A0C91BC942}") = "ConsecutiveHeads", "ConsecutiveHeads\ConsecutiveHeads.vcproj", "{686A9EFF-B04C-485D-945E-E8EEDC2E67FE}"
EndProject
Global
	GlobalSection(SolutionConfigurationPlatforms) = preSolution
		Debug|Win32 = Debug|Win32
		Release|Win32 = Release|Win32
	EndGlobalSection
	GlobalSection(ProjectConfigurationPlatforms) = postSolution
		{686A9EFF-B04C-485D-945E-E8EEDC2E67FE}.Debug|Win32.ActiveCfg = Debug|Win32
		{686A9EFF-B04C-485D-945E-E8EEDC2E67FE}.Debug|Win32.Build.0 = Debug|Win32
		{686A9EFF-B04C-485D-945E-E8EEDC2E67FE}.Release|Win32.ActiveCfg = Release|Win32
		{686A9EFF-B04C-485D-945E-E8EEDC2E67FE}.Release|Win32.Build.0 = Release|Win32
	EndGlobalSection
	GlobalSection(SolutionProperties) = preSolution
		HideSolutionNode = FALSE
	EndGlobalSection
EndGlobal
